
Microsoft Visual Studio Solution File, Format Version 12.00
# Visual Studio Version 16
VisualStudioVersion = 16.0.31321.278
MinimumVisualStudioVersion = 10.0.40219.1
Project("{9A19103F-16F7-4668-BE54-9A1E7A4F7556}") = "PaylocityAPI", "PaylocityAPI\PaylocityAPI.csproj", "{8B325E82-F9B2-4F5B-B6D6-F73AA263F399}"
EndProject
Project("{9A19103F-16F7-4668-BE54-9A1E7A4F7556}") = "Employee", "Employee\Employee.csproj", "{7D5C8B7C-168F-4EC8-99E3-F21B990DB409}"
EndProject
Project("{FAE04EC0-301F-11D3-BF4B-00C04F79EFBC}") = "PaylocityTest", "PaylocityTest\PaylocityTest.csproj", "{71636511-23DB-486C-B419-3F232F347C00}"
EndProject
Global
	GlobalSection(SolutionConfigurationPlatforms) = preSolution
		Debug|Any CPU = Debug|Any CPU
		Release|Any CPU = Release|Any CPU
	EndGlobalSection
	GlobalSection(ProjectConfigurationPlatforms) = postSolution
		{8B325E82-F9B2-4F5B-B6D6-F73AA263F399}.Debug|Any CPU.ActiveCfg = Debug|Any CPU
		{8B325E82-F9B2-4F5B-B6D6-F73AA263F399}.Debug|Any CPU.Build.0 = Debug|Any CPU
		{8B325E82-F9B2-4F5B-B6D6-F73AA263F399}.Release|Any CPU.ActiveCfg = Release|Any CPU
		{8B325E82-F9B2-4F5B-B6D6-F73AA263F399}.Release|Any CPU.Build.0 = Release|Any CPU
		{7D5C8B7C-168F-4EC8-99E3-F21B990DB409}.Debug|Any CPU.ActiveCfg = Debug|Any CPU
		{7D5C8B7C-168F-4EC8-99E3-F21B990DB409}.Debug|Any CPU.Build.0 = Debug|Any CPU
		{7D5C8B7C-168F-4EC8-99E3-F21B990DB409}.Release|Any CPU.ActiveCfg = Release|Any CPU
		{7D5C8B7C-168F-4EC8-99E3-F21B990DB409}.Release|Any CPU.Build.0 = Release|Any CPU
		{71636511-23DB-486C-B419-3F232F347C00}.Debug|Any CPU.ActiveCfg = Debug|Any CPU
		{71636511-23DB-486C-B419-3F232F347C00}.Debug|Any CPU.Build.0 = Debug|Any CPU
		{71636511-23DB-486C-B419-3F232F347C00}.Release|Any CPU.ActiveCfg = Release|Any CPU
		{71636511-23DB-486C-B419-3F232F347C00}.Release|Any CPU.Build.0 = Release|Any CPU
	EndGlobalSection
	GlobalSection(SolutionProperties) = preSolution
		HideSolutionNode = FALSE
	EndGlobalSection
	GlobalSection(ExtensibilityGlobals) = postSolution
		SolutionGuid = {4817D046-FC63-4749-AE24-41F3FC715FE0}
	EndGlobalSection
EndGlobal
